// !$*UTF8*$!
{
	archiveVersion = 1;
	classes = {
	};
	objectVersion = 54;
	objects = {

/* Begin PBXBuildFile section */
		3CB7A04C29F6ABDA007A27ED /* DatadogWebViewTracking in Frameworks */ = {isa = PBXBuildFile; productRef = 3CB7A04B29F6ABDA007A27ED /* DatadogWebViewTracking */; };
		61C363DA24374D5F00C4D4E6 /* AppDelegate.swift in Sources */ = {isa = PBXBuildFile; fileRef = 61C363D924374D5F00C4D4E6 /* AppDelegate.swift */; };
		61C363DC24374D5F00C4D4E6 /* SceneDelegate.swift in Sources */ = {isa = PBXBuildFile; fileRef = 61C363DB24374D5F00C4D4E6 /* SceneDelegate.swift */; };
		61C363DE24374D5F00C4D4E6 /* ViewController.swift in Sources */ = {isa = PBXBuildFile; fileRef = 61C363DD24374D5F00C4D4E6 /* ViewController.swift */; };
		61C363F124374D6100C4D4E6 /* AppTests.swift in Sources */ = {isa = PBXBuildFile; fileRef = 61C363F024374D6100C4D4E6 /* AppTests.swift */; };
		61C363FC24374D6100C4D4E6 /* AppUITests.swift in Sources */ = {isa = PBXBuildFile; fileRef = 61C363FB24374D6100C4D4E6 /* AppUITests.swift */; };
		9E73374026B0123500917C24 /* DatadogCrashReporting in Frameworks */ = {isa = PBXBuildFile; productRef = 9E73373F26B0123500917C24 /* DatadogCrashReporting */; };
		A71398892BD127790050A54E /* App_macOSApp.swift in Sources */ = {isa = PBXBuildFile; fileRef = A71398882BD127790050A54E /* App_macOSApp.swift */; };
		A713988B2BD127790050A54E /* ContentView.swift in Sources */ = {isa = PBXBuildFile; fileRef = A713988A2BD127790050A54E /* ContentView.swift */; };
		A71398A52BD1277A0050A54E /* App_macOSUITests.swift in Sources */ = {isa = PBXBuildFile; fileRef = A71398A42BD1277A0050A54E /* App_macOSUITests.swift */; };
		A71398B22BD12B6D0050A54E /* DatadogSetup.swift in Sources */ = {isa = PBXBuildFile; fileRef = A71398B12BD12B6D0050A54E /* DatadogSetup.swift */; };
		A71398B32BD12B6D0050A54E /* DatadogSetup.swift in Sources */ = {isa = PBXBuildFile; fileRef = A71398B12BD12B6D0050A54E /* DatadogSetup.swift */; };
		A71398B42BD12B6D0050A54E /* DatadogSetup.swift in Sources */ = {isa = PBXBuildFile; fileRef = A71398B12BD12B6D0050A54E /* DatadogSetup.swift */; };
		A71398B62BD12BC60050A54E /* DatadogCore in Frameworks */ = {isa = PBXBuildFile; productRef = A71398B52BD12BC60050A54E /* DatadogCore */; };
		A71398B82BD12BC60050A54E /* DatadogCrashReporting in Frameworks */ = {isa = PBXBuildFile; productRef = A71398B72BD12BC60050A54E /* DatadogCrashReporting */; };
		A71398BA2BD12BC60050A54E /* DatadogLogs in Frameworks */ = {isa = PBXBuildFile; productRef = A71398B92BD12BC60050A54E /* DatadogLogs */; };
		A71398BC2BD12BC60050A54E /* DatadogTrace in Frameworks */ = {isa = PBXBuildFile; productRef = A71398BB2BD12BC60050A54E /* DatadogTrace */; };
		A71398BE2BD12BC60050A54E /* DatadogWebViewTracking in Frameworks */ = {isa = PBXBuildFile; productRef = A71398BD2BD12BC60050A54E /* DatadogWebViewTracking */; };
		D22919312B76589B00C38A18 /* PrivacyInfo.xcprivacy in Resources */ = {isa = PBXBuildFile; fileRef = D22919302B76589B00C38A18 /* PrivacyInfo.xcprivacy */; };
		D22919322B76589B00C38A18 /* PrivacyInfo.xcprivacy in Resources */ = {isa = PBXBuildFile; fileRef = D22919302B76589B00C38A18 /* PrivacyInfo.xcprivacy */; };
		D2344E1F29ACDE61007F5BD2 /* DatadogLogs in Frameworks */ = {isa = PBXBuildFile; productRef = D2344E1E29ACDE61007F5BD2 /* DatadogLogs */; };
		D2344E2129ACDE68007F5BD2 /* DatadogLogs in Frameworks */ = {isa = PBXBuildFile; productRef = D2344E2029ACDE68007F5BD2 /* DatadogLogs */; };
		D23BF5F327CCCC3300BB4CCD /* ViewController.swift in Sources */ = {isa = PBXBuildFile; fileRef = 61C363DD24374D5F00C4D4E6 /* ViewController.swift */; };
		D23BF5F427CCCC3300BB4CCD /* AppDelegate.swift in Sources */ = {isa = PBXBuildFile; fileRef = 61C363D924374D5F00C4D4E6 /* AppDelegate.swift */; };
		D23BF5F527CCCC3300BB4CCD /* SceneDelegate.swift in Sources */ = {isa = PBXBuildFile; fileRef = 61C363DB24374D5F00C4D4E6 /* SceneDelegate.swift */; };
		D23BF5F727CCCC3300BB4CCD /* DatadogCrashReporting in Frameworks */ = {isa = PBXBuildFile; productRef = D23BF5F027CCCC3300BB4CCD /* DatadogCrashReporting */; };
		D23BF60427CCCCF800BB4CCD /* AppUITests.swift in Sources */ = {isa = PBXBuildFile; fileRef = 61C363FB24374D6100C4D4E6 /* AppUITests.swift */; };
		D23BF61027CCCD5700BB4CCD /* AppTests.swift in Sources */ = {isa = PBXBuildFile; fileRef = 61C363F024374D6100C4D4E6 /* AppTests.swift */; };
		D266C6872B766095008866F9 /* DatadogObjc in Frameworks */ = {isa = PBXBuildFile; productRef = D266C6862B766095008866F9 /* DatadogObjc */; };
		D266C6892B766095008866F9 /* DatadogSessionReplay in Frameworks */ = {isa = PBXBuildFile; productRef = D266C6882B766095008866F9 /* DatadogSessionReplay */; };
		D266C68B2B76609F008866F9 /* DatadogObjc in Frameworks */ = {isa = PBXBuildFile; productRef = D266C68A2B76609F008866F9 /* DatadogObjc */; };
		D26A32D72A4C892A00903514 /* DatadogCore in Frameworks */ = {isa = PBXBuildFile; productRef = D26A32D62A4C892A00903514 /* DatadogCore */; };
		D26A32D92A4C893300903514 /* DatadogCore in Frameworks */ = {isa = PBXBuildFile; productRef = D26A32D82A4C893300903514 /* DatadogCore */; };
		D2966C2E29CA1F2D00FC6B3C /* DatadogTrace in Frameworks */ = {isa = PBXBuildFile; productRef = D2966C2D29CA1F2D00FC6B3C /* DatadogTrace */; };
		D2966C3029CA1F3300FC6B3C /* DatadogTrace in Frameworks */ = {isa = PBXBuildFile; productRef = D2966C2F29CA1F3300FC6B3C /* DatadogTrace */; };
		D2CE76BA29F6B9E300D79713 /* DatadogRUM in Frameworks */ = {isa = PBXBuildFile; productRef = D2CE76B929F6B9E300D79713 /* DatadogRUM */; };
		D2CE76BC29F6B9EE00D79713 /* DatadogRUM in Frameworks */ = {isa = PBXBuildFile; productRef = D2CE76BB29F6B9EE00D79713 /* DatadogRUM */; };
/* End PBXBuildFile section */

/* Begin PBXContainerItemProxy section */
		61C363ED24374D6100C4D4E6 /* PBXContainerItemProxy */ = {
			isa = PBXContainerItemProxy;
			containerPortal = 61C363CE24374D5F00C4D4E6 /* Project object */;
			proxyType = 1;
			remoteGlobalIDString = 61C363D524374D5F00C4D4E6;
			remoteInfo = SPMProject;
		};
		61C363F824374D6100C4D4E6 /* PBXContainerItemProxy */ = {
			isa = PBXContainerItemProxy;
			containerPortal = 61C363CE24374D5F00C4D4E6 /* Project object */;
			proxyType = 1;
			remoteGlobalIDString = 61C363D524374D5F00C4D4E6;
			remoteInfo = SPMProject;
		};
		A71398A12BD1277A0050A54E /* PBXContainerItemProxy */ = {
			isa = PBXContainerItemProxy;
			containerPortal = 61C363CE24374D5F00C4D4E6 /* Project object */;
			proxyType = 1;
			remoteGlobalIDString = A71398852BD127790050A54E;
			remoteInfo = "App macOS";
		};
		D23BF61827CCCE2300BB4CCD /* PBXContainerItemProxy */ = {
			isa = PBXContainerItemProxy;
			containerPortal = 61C363CE24374D5F00C4D4E6 /* Project object */;
			proxyType = 1;
			remoteGlobalIDString = D23BF5EF27CCCC3300BB4CCD;
			remoteInfo = "App tvOS";
		};
		D23BF61A27CCCE2700BB4CCD /* PBXContainerItemProxy */ = {
			isa = PBXContainerItemProxy;
			containerPortal = 61C363CE24374D5F00C4D4E6 /* Project object */;
			proxyType = 1;
			remoteGlobalIDString = D23BF5EF27CCCC3300BB4CCD;
			remoteInfo = "App tvOS";
		};
/* End PBXContainerItemProxy section */

/* Begin PBXCopyFilesBuildPhase section */
		9E1F996B244DDABE00BD10FC /* Embed Frameworks */ = {
			isa = PBXCopyFilesBuildPhase;
			buildActionMask = 2147483647;
			dstPath = "";
			dstSubfolderSpec = 10;
			files = (
			);
			name = "Embed Frameworks";
			runOnlyForDeploymentPostprocessing = 0;
		};
		D23BF5FA27CCCC3300BB4CCD /* Embed Frameworks */ = {
			isa = PBXCopyFilesBuildPhase;
			buildActionMask = 2147483647;
			dstPath = "";
			dstSubfolderSpec = 10;
			files = (
			);
			name = "Embed Frameworks";
			runOnlyForDeploymentPostprocessing = 0;
		};
/* End PBXCopyFilesBuildPhase section */

/* Begin PBXFileReference section */
		61C363D624374D5F00C4D4E6 /* App.app */ = {isa = PBXFileReference; explicitFileType = wrapper.application; includeInIndex = 0; path = App.app; sourceTree = BUILT_PRODUCTS_DIR; };
		61C363D924374D5F00C4D4E6 /* AppDelegate.swift */ = {isa = PBXFileReference; lastKnownFileType = sourcecode.swift; path = AppDelegate.swift; sourceTree = "<group>"; };
		61C363DB24374D5F00C4D4E6 /* SceneDelegate.swift */ = {isa = PBXFileReference; lastKnownFileType = sourcecode.swift; path = SceneDelegate.swift; sourceTree = "<group>"; };
		61C363DD24374D5F00C4D4E6 /* ViewController.swift */ = {isa = PBXFileReference; lastKnownFileType = sourcecode.swift; path = ViewController.swift; sourceTree = "<group>"; };
		61C363E724374D6000C4D4E6 /* Info.plist */ = {isa = PBXFileReference; lastKnownFileType = text.plist.xml; path = Info.plist; sourceTree = "<group>"; };
		61C363EC24374D6100C4D4E6 /* App iOS Tests.xctest */ = {isa = PBXFileReference; explicitFileType = wrapper.cfbundle; includeInIndex = 0; path = "App iOS Tests.xctest"; sourceTree = BUILT_PRODUCTS_DIR; };
		61C363F024374D6100C4D4E6 /* AppTests.swift */ = {isa = PBXFileReference; lastKnownFileType = sourcecode.swift; path = AppTests.swift; sourceTree = "<group>"; };
		61C363F224374D6100C4D4E6 /* Info.plist */ = {isa = PBXFileReference; lastKnownFileType = text.plist.xml; path = Info.plist; sourceTree = "<group>"; };
		61C363F724374D6100C4D4E6 /* App iOS UITests.xctest */ = {isa = PBXFileReference; explicitFileType = wrapper.cfbundle; includeInIndex = 0; path = "App iOS UITests.xctest"; sourceTree = BUILT_PRODUCTS_DIR; };
		61C363FB24374D6100C4D4E6 /* AppUITests.swift */ = {isa = PBXFileReference; lastKnownFileType = sourcecode.swift; path = AppUITests.swift; sourceTree = "<group>"; };
		61C363FD24374D6100C4D4E6 /* Info.plist */ = {isa = PBXFileReference; lastKnownFileType = text.plist.xml; path = Info.plist; sourceTree = "<group>"; };
		61CE5FD52461D3C2005EA621 /* Datadog.xcconfig */ = {isa = PBXFileReference; lastKnownFileType = text.xcconfig; path = Datadog.xcconfig; sourceTree = "<group>"; };
		61CE5FD62461D3C2005EA621 /* Datadog.local.xcconfig */ = {isa = PBXFileReference; lastKnownFileType = text.xcconfig; path = Datadog.local.xcconfig; sourceTree = "<group>"; };
		A71398862BD127790050A54E /* App macOS.app */ = {isa = PBXFileReference; explicitFileType = wrapper.application; includeInIndex = 0; path = "App macOS.app"; sourceTree = BUILT_PRODUCTS_DIR; };
		A71398882BD127790050A54E /* App_macOSApp.swift */ = {isa = PBXFileReference; lastKnownFileType = sourcecode.swift; path = App_macOSApp.swift; sourceTree = "<group>"; };
		A713988A2BD127790050A54E /* ContentView.swift */ = {isa = PBXFileReference; lastKnownFileType = sourcecode.swift; path = ContentView.swift; sourceTree = "<group>"; };
		A71398A02BD1277A0050A54E /* App macOSUITests.xctest */ = {isa = PBXFileReference; explicitFileType = wrapper.cfbundle; includeInIndex = 0; path = "App macOSUITests.xctest"; sourceTree = BUILT_PRODUCTS_DIR; };
		A71398A42BD1277A0050A54E /* App_macOSUITests.swift */ = {isa = PBXFileReference; lastKnownFileType = sourcecode.swift; path = App_macOSUITests.swift; sourceTree = "<group>"; };
		A71398B12BD12B6D0050A54E /* DatadogSetup.swift */ = {isa = PBXFileReference; lastKnownFileType = sourcecode.swift; path = DatadogSetup.swift; sourceTree = "<group>"; };
		A7DFE01A2BD131D90024E5E1 /* App_macOS.entitlements */ = {isa = PBXFileReference; fileEncoding = 4; lastKnownFileType = text.plist.entitlements; path = App_macOS.entitlements; sourceTree = "<group>"; };
		D22919302B76589B00C38A18 /* PrivacyInfo.xcprivacy */ = {isa = PBXFileReference; lastKnownFileType = text.xml; path = PrivacyInfo.xcprivacy; sourceTree = "<group>"; };
		D23BF5FE27CCCC3300BB4CCD /* App.app */ = {isa = PBXFileReference; explicitFileType = wrapper.application; includeInIndex = 0; path = App.app; sourceTree = BUILT_PRODUCTS_DIR; };
		D23BF60A27CCCCF800BB4CCD /* App tvOS UITests.xctest */ = {isa = PBXFileReference; explicitFileType = wrapper.cfbundle; includeInIndex = 0; path = "App tvOS UITests.xctest"; sourceTree = BUILT_PRODUCTS_DIR; };
		D23BF61627CCCD5700BB4CCD /* App tvOS Tests.xctest */ = {isa = PBXFileReference; explicitFileType = wrapper.cfbundle; includeInIndex = 0; path = "App tvOS Tests.xctest"; sourceTree = BUILT_PRODUCTS_DIR; };
/* End PBXFileReference section */

/* Begin PBXFrameworksBuildPhase section */
		61C363D324374D5F00C4D4E6 /* Frameworks */ = {
			isa = PBXFrameworksBuildPhase;
			buildActionMask = 2147483647;
			files = (
				D26A32D72A4C892A00903514 /* DatadogCore in Frameworks */,
				D266C6892B766095008866F9 /* DatadogSessionReplay in Frameworks */,
				D2966C2E29CA1F2D00FC6B3C /* DatadogTrace in Frameworks */,
				D266C6872B766095008866F9 /* DatadogObjc in Frameworks */,
				D2344E1F29ACDE61007F5BD2 /* DatadogLogs in Frameworks */,
				D2CE76BC29F6B9EE00D79713 /* DatadogRUM in Frameworks */,
				3CB7A04C29F6ABDA007A27ED /* DatadogWebViewTracking in Frameworks */,
				9E73374026B0123500917C24 /* DatadogCrashReporting in Frameworks */,
			);
			runOnlyForDeploymentPostprocessing = 0;
		};
		61C363E924374D6100C4D4E6 /* Frameworks */ = {
			isa = PBXFrameworksBuildPhase;
			buildActionMask = 2147483647;
			files = (
			);
			runOnlyForDeploymentPostprocessing = 0;
		};
		61C363F424374D6100C4D4E6 /* Frameworks */ = {
			isa = PBXFrameworksBuildPhase;
			buildActionMask = 2147483647;
			files = (
			);
			runOnlyForDeploymentPostprocessing = 0;
		};
		A71398832BD127790050A54E /* Frameworks */ = {
			isa = PBXFrameworksBuildPhase;
			buildActionMask = 2147483647;
			files = (
				A71398B82BD12BC60050A54E /* DatadogCrashReporting in Frameworks */,
				A71398BE2BD12BC60050A54E /* DatadogWebViewTracking in Frameworks */,
				A71398BA2BD12BC60050A54E /* DatadogLogs in Frameworks */,
				A71398B62BD12BC60050A54E /* DatadogCore in Frameworks */,
				A71398BC2BD12BC60050A54E /* DatadogTrace in Frameworks */,
			);
			runOnlyForDeploymentPostprocessing = 0;
		};
		A713989D2BD1277A0050A54E /* Frameworks */ = {
			isa = PBXFrameworksBuildPhase;
			buildActionMask = 2147483647;
			files = (
			);
			runOnlyForDeploymentPostprocessing = 0;
		};
		D23BF5F627CCCC3300BB4CCD /* Frameworks */ = {
			isa = PBXFrameworksBuildPhase;
			buildActionMask = 2147483647;
			files = (
				D2966C3029CA1F3300FC6B3C /* DatadogTrace in Frameworks */,
				D266C68B2B76609F008866F9 /* DatadogObjc in Frameworks */,
				D2344E2129ACDE68007F5BD2 /* DatadogLogs in Frameworks */,
				D2CE76BA29F6B9E300D79713 /* DatadogRUM in Frameworks */,
				D26A32D92A4C893300903514 /* DatadogCore in Frameworks */,
				D23BF5F727CCCC3300BB4CCD /* DatadogCrashReporting in Frameworks */,
			);
			runOnlyForDeploymentPostprocessing = 0;
		};
		D23BF60527CCCCF800BB4CCD /* Frameworks */ = {
			isa = PBXFrameworksBuildPhase;
			buildActionMask = 2147483647;
			files = (
			);
			runOnlyForDeploymentPostprocessing = 0;
		};
		D23BF61127CCCD5700BB4CCD /* Frameworks */ = {
			isa = PBXFrameworksBuildPhase;
			buildActionMask = 2147483647;
			files = (
			);
			runOnlyForDeploymentPostprocessing = 0;
		};
/* End PBXFrameworksBuildPhase section */

/* Begin PBXGroup section */
		61C363CD24374D5F00C4D4E6 = {
			isa = PBXGroup;
			children = (
				61CE5FD42461D3C2005EA621 /* xcconfigs */,
				61C363D824374D5F00C4D4E6 /* App */,
				61C363EF24374D6100C4D4E6 /* AppTests */,
				61C363FA24374D6100C4D4E6 /* AppUITests */,
				A71398872BD127790050A54E /* App macOS */,
				A71398A32BD1277A0050A54E /* App macOSUITests */,
				61C363D724374D5F00C4D4E6 /* Products */,
				9EC32C6024E596C20063BCCE /* Frameworks */,
			);
			sourceTree = "<group>";
		};
		61C363D724374D5F00C4D4E6 /* Products */ = {
			isa = PBXGroup;
			children = (
				61C363D624374D5F00C4D4E6 /* App.app */,
				61C363EC24374D6100C4D4E6 /* App iOS Tests.xctest */,
				61C363F724374D6100C4D4E6 /* App iOS UITests.xctest */,
				D23BF5FE27CCCC3300BB4CCD /* App.app */,
				D23BF60A27CCCCF800BB4CCD /* App tvOS UITests.xctest */,
				D23BF61627CCCD5700BB4CCD /* App tvOS Tests.xctest */,
				A71398862BD127790050A54E /* App macOS.app */,
				A71398A02BD1277A0050A54E /* App macOSUITests.xctest */,
			);
			name = Products;
			sourceTree = "<group>";
		};
		61C363D824374D5F00C4D4E6 /* App */ = {
			isa = PBXGroup;
			children = (
				61C363D924374D5F00C4D4E6 /* AppDelegate.swift */,
				61C363DB24374D5F00C4D4E6 /* SceneDelegate.swift */,
				61C363DD24374D5F00C4D4E6 /* ViewController.swift */,
				61C363E724374D6000C4D4E6 /* Info.plist */,
				D22919302B76589B00C38A18 /* PrivacyInfo.xcprivacy */,
				A71398B12BD12B6D0050A54E /* DatadogSetup.swift */,
			);
			path = App;
			sourceTree = "<group>";
		};
		61C363EF24374D6100C4D4E6 /* AppTests */ = {
			isa = PBXGroup;
			children = (
				61C363F024374D6100C4D4E6 /* AppTests.swift */,
				61C363F224374D6100C4D4E6 /* Info.plist */,
			);
			path = AppTests;
			sourceTree = "<group>";
		};
		61C363FA24374D6100C4D4E6 /* AppUITests */ = {
			isa = PBXGroup;
			children = (
				61C363FB24374D6100C4D4E6 /* AppUITests.swift */,
				61C363FD24374D6100C4D4E6 /* Info.plist */,
			);
			path = AppUITests;
			sourceTree = "<group>";
		};
		61CE5FD42461D3C2005EA621 /* xcconfigs */ = {
			isa = PBXGroup;
			children = (
				61CE5FD52461D3C2005EA621 /* Datadog.xcconfig */,
				61CE5FD62461D3C2005EA621 /* Datadog.local.xcconfig */,
			);
			name = xcconfigs;
			path = ../../xcconfigs;
			sourceTree = "<group>";
		};
		9EC32C6024E596C20063BCCE /* Frameworks */ = {
			isa = PBXGroup;
			children = (
			);
			name = Frameworks;
			sourceTree = "<group>";
		};
		A71398872BD127790050A54E /* App macOS */ = {
			isa = PBXGroup;
			children = (
				A7DFE01A2BD131D90024E5E1 /* App_macOS.entitlements */,
				A71398882BD127790050A54E /* App_macOSApp.swift */,
				A713988A2BD127790050A54E /* ContentView.swift */,
			);
			path = "App macOS";
			sourceTree = "<group>";
		};
		A71398A32BD1277A0050A54E /* App macOSUITests */ = {
			isa = PBXGroup;
			children = (
				A71398A42BD1277A0050A54E /* App_macOSUITests.swift */,
			);
			path = "App macOSUITests";
			sourceTree = "<group>";
		};
/* End PBXGroup section */

/* Begin PBXNativeTarget section */
		61C363D524374D5F00C4D4E6 /* App iOS */ = {
			isa = PBXNativeTarget;
			buildConfigurationList = 61C3640024374D6100C4D4E6 /* Build configuration list for PBXNativeTarget "App iOS" */;
			buildPhases = (
				61C363D224374D5F00C4D4E6 /* Sources */,
				61C363D324374D5F00C4D4E6 /* Frameworks */,
				61C363D424374D5F00C4D4E6 /* Resources */,
				61C3645F24376B3400C4D4E6 /* ⚙️ Run linter */,
				9E1F996B244DDABE00BD10FC /* Embed Frameworks */,
			);
			buildRules = (
			);
			dependencies = (
			);
			name = "App iOS";
			packageProductDependencies = (
				9E73373F26B0123500917C24 /* DatadogCrashReporting */,
				D2344E1E29ACDE61007F5BD2 /* DatadogLogs */,
				D2966C2D29CA1F2D00FC6B3C /* DatadogTrace */,
				D2CE76BB29F6B9EE00D79713 /* DatadogRUM */,
				3CB7A04B29F6ABDA007A27ED /* DatadogWebViewTracking */,
				D26A32D62A4C892A00903514 /* DatadogCore */,
				D266C6862B766095008866F9 /* DatadogObjc */,
				D266C6882B766095008866F9 /* DatadogSessionReplay */,
			);
			productName = SPMProject;
			productReference = 61C363D624374D5F00C4D4E6 /* App.app */;
			productType = "com.apple.product-type.application";
		};
		61C363EB24374D6100C4D4E6 /* App iOS Tests */ = {
			isa = PBXNativeTarget;
			buildConfigurationList = 61C3640324374D6100C4D4E6 /* Build configuration list for PBXNativeTarget "App iOS Tests" */;
			buildPhases = (
				61C363E824374D6100C4D4E6 /* Sources */,
				61C363E924374D6100C4D4E6 /* Frameworks */,
				61C363EA24374D6100C4D4E6 /* Resources */,
			);
			buildRules = (
			);
			dependencies = (
				61C363EE24374D6100C4D4E6 /* PBXTargetDependency */,
			);
			name = "App iOS Tests";
			productName = SPMProjectTests;
			productReference = 61C363EC24374D6100C4D4E6 /* App iOS Tests.xctest */;
			productType = "com.apple.product-type.bundle.unit-test";
		};
		61C363F624374D6100C4D4E6 /* App iOS UITests */ = {
			isa = PBXNativeTarget;
			buildConfigurationList = 61C3640624374D6100C4D4E6 /* Build configuration list for PBXNativeTarget "App iOS UITests" */;
			buildPhases = (
				61C363F324374D6100C4D4E6 /* Sources */,
				61C363F424374D6100C4D4E6 /* Frameworks */,
				61C363F524374D6100C4D4E6 /* Resources */,
			);
			buildRules = (
			);
			dependencies = (
				61C363F924374D6100C4D4E6 /* PBXTargetDependency */,
			);
			name = "App iOS UITests";
			productName = SPMProjectUITests;
			productReference = 61C363F724374D6100C4D4E6 /* App iOS UITests.xctest */;
			productType = "com.apple.product-type.bundle.ui-testing";
		};
		A71398852BD127790050A54E /* App macOS */ = {
			isa = PBXNativeTarget;
			buildConfigurationList = A71398AE2BD1277A0050A54E /* Build configuration list for PBXNativeTarget "App macOS" */;
			buildPhases = (
				A71398822BD127790050A54E /* Sources */,
				A71398832BD127790050A54E /* Frameworks */,
				A71398842BD127790050A54E /* Resources */,
			);
			buildRules = (
			);
			dependencies = (
			);
			name = "App macOS";
			packageProductDependencies = (
				A71398B52BD12BC60050A54E /* DatadogCore */,
				A71398B72BD12BC60050A54E /* DatadogCrashReporting */,
				A71398B92BD12BC60050A54E /* DatadogLogs */,
				A71398BB2BD12BC60050A54E /* DatadogTrace */,
				A71398BD2BD12BC60050A54E /* DatadogWebViewTracking */,
			);
			productName = "App macOS";
			productReference = A71398862BD127790050A54E /* App macOS.app */;
			productType = "com.apple.product-type.application";
		};
		A713989F2BD1277A0050A54E /* App macOSUITests */ = {
			isa = PBXNativeTarget;
			buildConfigurationList = A71398B02BD1277A0050A54E /* Build configuration list for PBXNativeTarget "App macOSUITests" */;
			buildPhases = (
				A713989C2BD1277A0050A54E /* Sources */,
				A713989D2BD1277A0050A54E /* Frameworks */,
				A713989E2BD1277A0050A54E /* Resources */,
			);
			buildRules = (
			);
			dependencies = (
				A71398A22BD1277A0050A54E /* PBXTargetDependency */,
			);
			name = "App macOSUITests";
			productName = "App macOSUITests";
			productReference = A71398A02BD1277A0050A54E /* App macOSUITests.xctest */;
			productType = "com.apple.product-type.bundle.ui-testing";
		};
		D23BF5EF27CCCC3300BB4CCD /* App tvOS */ = {
			isa = PBXNativeTarget;
			buildConfigurationList = D23BF5FB27CCCC3300BB4CCD /* Build configuration list for PBXNativeTarget "App tvOS" */;
			buildPhases = (
				D23BF5F227CCCC3300BB4CCD /* Sources */,
				D23BF5F627CCCC3300BB4CCD /* Frameworks */,
				D23BF5F827CCCC3300BB4CCD /* Resources */,
				D23BF5F927CCCC3300BB4CCD /* ⚙️ Run linter */,
				D23BF5FA27CCCC3300BB4CCD /* Embed Frameworks */,
			);
			buildRules = (
			);
			dependencies = (
			);
			name = "App tvOS";
			packageProductDependencies = (
				D23BF5F027CCCC3300BB4CCD /* DatadogCrashReporting */,
				D2344E2029ACDE68007F5BD2 /* DatadogLogs */,
				D2966C2F29CA1F3300FC6B3C /* DatadogTrace */,
				D2CE76B929F6B9E300D79713 /* DatadogRUM */,
				D26A32D82A4C893300903514 /* DatadogCore */,
				D266C68A2B76609F008866F9 /* DatadogObjc */,
			);
			productName = SPMProject;
			productReference = D23BF5FE27CCCC3300BB4CCD /* App.app */;
			productType = "com.apple.product-type.application";
		};
		D23BF60027CCCCF800BB4CCD /* App tvOS UITests */ = {
			isa = PBXNativeTarget;
			buildConfigurationList = D23BF60727CCCCF800BB4CCD /* Build configuration list for PBXNativeTarget "App tvOS UITests" */;
			buildPhases = (
				D23BF60327CCCCF800BB4CCD /* Sources */,
				D23BF60527CCCCF800BB4CCD /* Frameworks */,
				D23BF60627CCCCF800BB4CCD /* Resources */,
			);
			buildRules = (
			);
			dependencies = (
				D23BF61B27CCCE2700BB4CCD /* PBXTargetDependency */,
			);
			name = "App tvOS UITests";
			productName = SPMProjectUITests;
			productReference = D23BF60A27CCCCF800BB4CCD /* App tvOS UITests.xctest */;
			productType = "com.apple.product-type.bundle.ui-testing";
		};
		D23BF60C27CCCD5700BB4CCD /* App tvOS Tests */ = {
			isa = PBXNativeTarget;
			buildConfigurationList = D23BF61327CCCD5700BB4CCD /* Build configuration list for PBXNativeTarget "App tvOS Tests" */;
			buildPhases = (
				D23BF60F27CCCD5700BB4CCD /* Sources */,
				D23BF61127CCCD5700BB4CCD /* Frameworks */,
				D23BF61227CCCD5700BB4CCD /* Resources */,
			);
			buildRules = (
			);
			dependencies = (
				D23BF61927CCCE2300BB4CCD /* PBXTargetDependency */,
			);
			name = "App tvOS Tests";
			productName = SPMProjectTests;
			productReference = D23BF61627CCCD5700BB4CCD /* App tvOS Tests.xctest */;
			productType = "com.apple.product-type.bundle.unit-test";
		};
/* End PBXNativeTarget section */

/* Begin PBXProject section */
		61C363CE24374D5F00C4D4E6 /* Project object */ = {
			isa = PBXProject;
			attributes = {
				LastSwiftUpdateCheck = 1530;
				LastUpgradeCheck = 1310;
				ORGANIZATIONNAME = Datadog;
				TargetAttributes = {
					61C363D524374D5F00C4D4E6 = {
						CreatedOnToolsVersion = 11.4;
					};
					61C363EB24374D6100C4D4E6 = {
						CreatedOnToolsVersion = 11.4;
						TestTargetID = 61C363D524374D5F00C4D4E6;
					};
					61C363F624374D6100C4D4E6 = {
						CreatedOnToolsVersion = 11.4;
						TestTargetID = 61C363D524374D5F00C4D4E6;
					};
					A71398852BD127790050A54E = {
						CreatedOnToolsVersion = 15.3;
					};
					A713989F2BD1277A0050A54E = {
						CreatedOnToolsVersion = 15.3;
						TestTargetID = A71398852BD127790050A54E;
					};
					D23BF60027CCCCF800BB4CCD = {
						TestTargetID = D23BF5EF27CCCC3300BB4CCD;
					};
					D23BF60C27CCCD5700BB4CCD = {
						TestTargetID = D23BF5EF27CCCC3300BB4CCD;
					};
				};
			};
			buildConfigurationList = 61C363D124374D5F00C4D4E6 /* Build configuration list for PBXProject "SPMProject" */;
			compatibilityVersion = "Xcode 9.3";
			developmentRegion = en;
			hasScannedForEncodings = 0;
			knownRegions = (
				en,
				Base,
			);
			mainGroup = 61C363CD24374D5F00C4D4E6;
			packageReferences = (
				9E73373E26B0123500917C24 /* XCRemoteSwiftPackageReference "dd-sdk-ios" */,
			);
			productRefGroup = 61C363D724374D5F00C4D4E6 /* Products */;
			projectDirPath = "";
			projectRoot = "";
			targets = (
				61C363D524374D5F00C4D4E6 /* App iOS */,
				61C363EB24374D6100C4D4E6 /* App iOS Tests */,
				61C363F624374D6100C4D4E6 /* App iOS UITests */,
				D23BF5EF27CCCC3300BB4CCD /* App tvOS */,
				D23BF60C27CCCD5700BB4CCD /* App tvOS Tests */,
				D23BF60027CCCCF800BB4CCD /* App tvOS UITests */,
				A71398852BD127790050A54E /* App macOS */,
				A713989F2BD1277A0050A54E /* App macOSUITests */,
			);
		};
/* End PBXProject section */

/* Begin PBXResourcesBuildPhase section */
		61C363D424374D5F00C4D4E6 /* Resources */ = {
			isa = PBXResourcesBuildPhase;
			buildActionMask = 2147483647;
			files = (
				D22919312B76589B00C38A18 /* PrivacyInfo.xcprivacy in Resources */,
			);
			runOnlyForDeploymentPostprocessing = 0;
		};
		61C363EA24374D6100C4D4E6 /* Resources */ = {
			isa = PBXResourcesBuildPhase;
			buildActionMask = 2147483647;
			files = (
			);
			runOnlyForDeploymentPostprocessing = 0;
		};
		61C363F524374D6100C4D4E6 /* Resources */ = {
			isa = PBXResourcesBuildPhase;
			buildActionMask = 2147483647;
			files = (
			);
			runOnlyForDeploymentPostprocessing = 0;
		};
		A71398842BD127790050A54E /* Resources */ = {
			isa = PBXResourcesBuildPhase;
			buildActionMask = 2147483647;
			files = (
			);
			runOnlyForDeploymentPostprocessing = 0;
		};
		A713989E2BD1277A0050A54E /* Resources */ = {
			isa = PBXResourcesBuildPhase;
			buildActionMask = 2147483647;
			files = (
			);
			runOnlyForDeploymentPostprocessing = 0;
		};
		D23BF5F827CCCC3300BB4CCD /* Resources */ = {
			isa = PBXResourcesBuildPhase;
			buildActionMask = 2147483647;
			files = (
				D22919322B76589B00C38A18 /* PrivacyInfo.xcprivacy in Resources */,
			);
			runOnlyForDeploymentPostprocessing = 0;
		};
		D23BF60627CCCCF800BB4CCD /* Resources */ = {
			isa = PBXResourcesBuildPhase;
			buildActionMask = 2147483647;
			files = (
			);
			runOnlyForDeploymentPostprocessing = 0;
		};
		D23BF61227CCCD5700BB4CCD /* Resources */ = {
			isa = PBXResourcesBuildPhase;
			buildActionMask = 2147483647;
			files = (
			);
			runOnlyForDeploymentPostprocessing = 0;
		};
/* End PBXResourcesBuildPhase section */

/* Begin PBXShellScriptBuildPhase section */
		61C3645F24376B3400C4D4E6 /* ⚙️ Run linter */ = {
			isa = PBXShellScriptBuildPhase;
			buildActionMask = 2147483647;
			files = (
			);
			inputFileListPaths = (
			);
			inputPaths = (
			);
			name = "⚙️ Run linter";
			outputFileListPaths = (
			);
			outputPaths = (
			);
			runOnlyForDeploymentPostprocessing = 0;
			shellPath = /bin/sh;
			shellScript = "if which swiftlint >/dev/null; then\n  cd ${SOURCE_ROOT}/../../\n  ./tools/lint/run-linter.sh\nfi\n";
			showEnvVarsInLog = 0;
		};
		D23BF5F927CCCC3300BB4CCD /* ⚙️ Run linter */ = {
			isa = PBXShellScriptBuildPhase;
			buildActionMask = 2147483647;
			files = (
			);
			inputFileListPaths = (
			);
			inputPaths = (
			);
			name = "⚙️ Run linter";
			outputFileListPaths = (
			);
			outputPaths = (
			);
			runOnlyForDeploymentPostprocessing = 0;
			shellPath = /bin/sh;
			shellScript = "if which swiftlint >/dev/null; then\n  cd ${SOURCE_ROOT}/../../\n  ./tools/lint/run-linter.sh\nfi\n";
			showEnvVarsInLog = 0;
		};
/* End PBXShellScriptBuildPhase section */

/* Begin PBXSourcesBuildPhase section */
		61C363D224374D5F00C4D4E6 /* Sources */ = {
			isa = PBXSourcesBuildPhase;
			buildActionMask = 2147483647;
			files = (
				61C363DE24374D5F00C4D4E6 /* ViewController.swift in Sources */,
				61C363DA24374D5F00C4D4E6 /* AppDelegate.swift in Sources */,
				A71398B22BD12B6D0050A54E /* DatadogSetup.swift in Sources */,
				61C363DC24374D5F00C4D4E6 /* SceneDelegate.swift in Sources */,
			);
			runOnlyForDeploymentPostprocessing = 0;
		};
		61C363E824374D6100C4D4E6 /* Sources */ = {
			isa = PBXSourcesBuildPhase;
			buildActionMask = 2147483647;
			files = (
				61C363F124374D6100C4D4E6 /* AppTests.swift in Sources */,
			);
			runOnlyForDeploymentPostprocessing = 0;
		};
		61C363F324374D6100C4D4E6 /* Sources */ = {
			isa = PBXSourcesBuildPhase;
			buildActionMask = 2147483647;
			files = (
				61C363FC24374D6100C4D4E6 /* AppUITests.swift in Sources */,
			);
			runOnlyForDeploymentPostprocessing = 0;
		};
		A71398822BD127790050A54E /* Sources */ = {
			isa = PBXSourcesBuildPhase;
			buildActionMask = 2147483647;
			files = (
				A713988B2BD127790050A54E /* ContentView.swift in Sources */,
				A71398892BD127790050A54E /* App_macOSApp.swift in Sources */,
				A71398B42BD12B6D0050A54E /* DatadogSetup.swift in Sources */,
			);
			runOnlyForDeploymentPostprocessing = 0;
		};
		A713989C2BD1277A0050A54E /* Sources */ = {
			isa = PBXSourcesBuildPhase;
			buildActionMask = 2147483647;
			files = (
				A71398A52BD1277A0050A54E /* App_macOSUITests.swift in Sources */,
			);
			runOnlyForDeploymentPostprocessing = 0;
		};
		D23BF5F227CCCC3300BB4CCD /* Sources */ = {
			isa = PBXSourcesBuildPhase;
			buildActionMask = 2147483647;
			files = (
				D23BF5F327CCCC3300BB4CCD /* ViewController.swift in Sources */,
				D23BF5F427CCCC3300BB4CCD /* AppDelegate.swift in Sources */,
				A71398B32BD12B6D0050A54E /* DatadogSetup.swift in Sources */,
				D23BF5F527CCCC3300BB4CCD /* SceneDelegate.swift in Sources */,
			);
			runOnlyForDeploymentPostprocessing = 0;
		};
		D23BF60327CCCCF800BB4CCD /* Sources */ = {
			isa = PBXSourcesBuildPhase;
			buildActionMask = 2147483647;
			files = (
				D23BF60427CCCCF800BB4CCD /* AppUITests.swift in Sources */,
			);
			runOnlyForDeploymentPostprocessing = 0;
		};
		D23BF60F27CCCD5700BB4CCD /* Sources */ = {
			isa = PBXSourcesBuildPhase;
			buildActionMask = 2147483647;
			files = (
				D23BF61027CCCD5700BB4CCD /* AppTests.swift in Sources */,
			);
			runOnlyForDeploymentPostprocessing = 0;
		};
/* End PBXSourcesBuildPhase section */

/* Begin PBXTargetDependency section */
		61C363EE24374D6100C4D4E6 /* PBXTargetDependency */ = {
			isa = PBXTargetDependency;
			target = 61C363D524374D5F00C4D4E6 /* App iOS */;
			targetProxy = 61C363ED24374D6100C4D4E6 /* PBXContainerItemProxy */;
		};
		61C363F924374D6100C4D4E6 /* PBXTargetDependency */ = {
			isa = PBXTargetDependency;
			target = 61C363D524374D5F00C4D4E6 /* App iOS */;
			targetProxy = 61C363F824374D6100C4D4E6 /* PBXContainerItemProxy */;
		};
		A71398A22BD1277A0050A54E /* PBXTargetDependency */ = {
			isa = PBXTargetDependency;
			target = A71398852BD127790050A54E /* App macOS */;
			targetProxy = A71398A12BD1277A0050A54E /* PBXContainerItemProxy */;
		};
		D23BF61927CCCE2300BB4CCD /* PBXTargetDependency */ = {
			isa = PBXTargetDependency;
			target = D23BF5EF27CCCC3300BB4CCD /* App tvOS */;
			targetProxy = D23BF61827CCCE2300BB4CCD /* PBXContainerItemProxy */;
		};
		D23BF61B27CCCE2700BB4CCD /* PBXTargetDependency */ = {
			isa = PBXTargetDependency;
			target = D23BF5EF27CCCC3300BB4CCD /* App tvOS */;
			targetProxy = D23BF61A27CCCE2700BB4CCD /* PBXContainerItemProxy */;
		};
/* End PBXTargetDependency section */

/* Begin XCBuildConfiguration section */
		61C363FE24374D6100C4D4E6 /* Debug */ = {
			isa = XCBuildConfiguration;
			baseConfigurationReference = 61CE5FD52461D3C2005EA621 /* Datadog.xcconfig */;
			buildSettings = {
				ALWAYS_SEARCH_USER_PATHS = NO;
				CLANG_ANALYZER_NONNULL = YES;
				CLANG_ANALYZER_NUMBER_OBJECT_CONVERSION = YES_AGGRESSIVE;
				CLANG_CXX_LANGUAGE_STANDARD = "gnu++14";
				CLANG_CXX_LIBRARY = "libc++";
				CLANG_ENABLE_MODULES = YES;
				CLANG_ENABLE_OBJC_ARC = YES;
				CLANG_ENABLE_OBJC_WEAK = YES;
				CLANG_WARN_BLOCK_CAPTURE_AUTORELEASING = YES;
				CLANG_WARN_BOOL_CONVERSION = YES;
				CLANG_WARN_COMMA = YES;
				CLANG_WARN_CONSTANT_CONVERSION = YES;
				CLANG_WARN_DEPRECATED_OBJC_IMPLEMENTATIONS = YES;
				CLANG_WARN_DIRECT_OBJC_ISA_USAGE = YES_ERROR;
				CLANG_WARN_DOCUMENTATION_COMMENTS = YES;
				CLANG_WARN_EMPTY_BODY = YES;
				CLANG_WARN_ENUM_CONVERSION = YES;
				CLANG_WARN_INFINITE_RECURSION = YES;
				CLANG_WARN_INT_CONVERSION = YES;
				CLANG_WARN_NON_LITERAL_NULL_CONVERSION = YES;
				CLANG_WARN_OBJC_IMPLICIT_RETAIN_SELF = YES;
				CLANG_WARN_OBJC_LITERAL_CONVERSION = YES;
				CLANG_WARN_OBJC_ROOT_CLASS = YES_ERROR;
				CLANG_WARN_QUOTED_INCLUDE_IN_FRAMEWORK_HEADER = YES;
				CLANG_WARN_RANGE_LOOP_ANALYSIS = YES;
				CLANG_WARN_STRICT_PROTOTYPES = YES;
				CLANG_WARN_SUSPICIOUS_MOVE = YES;
				CLANG_WARN_UNGUARDED_AVAILABILITY = YES_AGGRESSIVE;
				CLANG_WARN_UNREACHABLE_CODE = YES;
				CLANG_WARN__DUPLICATE_METHOD_MATCH = YES;
				COPY_PHASE_STRIP = NO;
				DEBUG_INFORMATION_FORMAT = dwarf;
				ENABLE_STRICT_OBJC_MSGSEND = YES;
				ENABLE_TESTABILITY = YES;
				GCC_C_LANGUAGE_STANDARD = gnu11;
				GCC_DYNAMIC_NO_PIC = NO;
				GCC_NO_COMMON_BLOCKS = YES;
				GCC_OPTIMIZATION_LEVEL = 0;
				GCC_PREPROCESSOR_DEFINITIONS = (
					"DEBUG=1",
					"$(inherited)",
				);
				GCC_WARN_64_TO_32_BIT_CONVERSION = YES;
				GCC_WARN_ABOUT_RETURN_TYPE = YES_ERROR;
				GCC_WARN_UNDECLARED_SELECTOR = YES;
				GCC_WARN_UNINITIALIZED_AUTOS = YES_AGGRESSIVE;
				GCC_WARN_UNUSED_FUNCTION = YES;
				GCC_WARN_UNUSED_VARIABLE = YES;
				IPHONEOS_DEPLOYMENT_TARGET = 13.0;
				MTL_ENABLE_DEBUG_INFO = INCLUDE_SOURCE;
				MTL_FAST_MATH = YES;
				ONLY_ACTIVE_ARCH = YES;
				SDKROOT = iphoneos;
				SWIFT_ACTIVE_COMPILATION_CONDITIONS = DEBUG;
				SWIFT_OPTIMIZATION_LEVEL = "-Onone";
				TVOS_DEPLOYMENT_TARGET = 13.0;
			};
			name = Debug;
		};
		61C363FF24374D6100C4D4E6 /* Release */ = {
			isa = XCBuildConfiguration;
			baseConfigurationReference = 61CE5FD52461D3C2005EA621 /* Datadog.xcconfig */;
			buildSettings = {
				ALWAYS_SEARCH_USER_PATHS = NO;
				CLANG_ANALYZER_NONNULL = YES;
				CLANG_ANALYZER_NUMBER_OBJECT_CONVERSION = YES_AGGRESSIVE;
				CLANG_CXX_LANGUAGE_STANDARD = "gnu++14";
				CLANG_CXX_LIBRARY = "libc++";
				CLANG_ENABLE_MODULES = YES;
				CLANG_ENABLE_OBJC_ARC = YES;
				CLANG_ENABLE_OBJC_WEAK = YES;
				CLANG_WARN_BLOCK_CAPTURE_AUTORELEASING = YES;
				CLANG_WARN_BOOL_CONVERSION = YES;
				CLANG_WARN_COMMA = YES;
				CLANG_WARN_CONSTANT_CONVERSION = YES;
				CLANG_WARN_DEPRECATED_OBJC_IMPLEMENTATIONS = YES;
				CLANG_WARN_DIRECT_OBJC_ISA_USAGE = YES_ERROR;
				CLANG_WARN_DOCUMENTATION_COMMENTS = YES;
				CLANG_WARN_EMPTY_BODY = YES;
				CLANG_WARN_ENUM_CONVERSION = YES;
				CLANG_WARN_INFINITE_RECURSION = YES;
				CLANG_WARN_INT_CONVERSION = YES;
				CLANG_WARN_NON_LITERAL_NULL_CONVERSION = YES;
				CLANG_WARN_OBJC_IMPLICIT_RETAIN_SELF = YES;
				CLANG_WARN_OBJC_LITERAL_CONVERSION = YES;
				CLANG_WARN_OBJC_ROOT_CLASS = YES_ERROR;
				CLANG_WARN_QUOTED_INCLUDE_IN_FRAMEWORK_HEADER = YES;
				CLANG_WARN_RANGE_LOOP_ANALYSIS = YES;
				CLANG_WARN_STRICT_PROTOTYPES = YES;
				CLANG_WARN_SUSPICIOUS_MOVE = YES;
				CLANG_WARN_UNGUARDED_AVAILABILITY = YES_AGGRESSIVE;
				CLANG_WARN_UNREACHABLE_CODE = YES;
				CLANG_WARN__DUPLICATE_METHOD_MATCH = YES;
				COPY_PHASE_STRIP = NO;
				DEBUG_INFORMATION_FORMAT = "dwarf-with-dsym";
				ENABLE_NS_ASSERTIONS = NO;
				ENABLE_STRICT_OBJC_MSGSEND = YES;
				GCC_C_LANGUAGE_STANDARD = gnu11;
				GCC_NO_COMMON_BLOCKS = YES;
				GCC_WARN_64_TO_32_BIT_CONVERSION = YES;
				GCC_WARN_ABOUT_RETURN_TYPE = YES_ERROR;
				GCC_WARN_UNDECLARED_SELECTOR = YES;
				GCC_WARN_UNINITIALIZED_AUTOS = YES_AGGRESSIVE;
				GCC_WARN_UNUSED_FUNCTION = YES;
				GCC_WARN_UNUSED_VARIABLE = YES;
				IPHONEOS_DEPLOYMENT_TARGET = 13.0;
				MTL_ENABLE_DEBUG_INFO = NO;
				MTL_FAST_MATH = YES;
				SDKROOT = iphoneos;
				SWIFT_COMPILATION_MODE = wholemodule;
				SWIFT_OPTIMIZATION_LEVEL = "-O";
				TVOS_DEPLOYMENT_TARGET = 13.0;
				VALIDATE_PRODUCT = YES;
			};
			name = Release;
		};
		61C3640124374D6100C4D4E6 /* Debug */ = {
			isa = XCBuildConfiguration;
			buildSettings = {
				ASSETCATALOG_COMPILER_APPICON_NAME = AppIcon;
				"CODE_SIGN_IDENTITY[sdk=macosx*]" = "-";
				CODE_SIGN_STYLE = Manual;
				DEVELOPMENT_TEAM = "";
				INFOPLIST_FILE = App/Info.plist;
				LD_RUNPATH_SEARCH_PATHS = (
					"$(inherited)",
					"@executable_path/Frameworks",
				);
				PRODUCT_BUNDLE_IDENTIFIER = com.datadogqh.SPMProject;
				PRODUCT_NAME = App;
				PROVISIONING_PROFILE_SPECIFIER = "";
				"PROVISIONING_PROFILE_SPECIFIER[sdk=macosx*]" = "";
				SUPPORTS_MACCATALYST = YES;
				SWIFT_VERSION = 5.0;
				TARGETED_DEVICE_FAMILY = "1,2";
			};
			name = Debug;
		};
		61C3640224374D6100C4D4E6 /* Release */ = {
			isa = XCBuildConfiguration;
			buildSettings = {
				ASSETCATALOG_COMPILER_APPICON_NAME = AppIcon;
				"CODE_SIGN_IDENTITY[sdk=macosx*]" = "-";
				CODE_SIGN_STYLE = Manual;
				DEVELOPMENT_TEAM = "";
				INFOPLIST_FILE = App/Info.plist;
				LD_RUNPATH_SEARCH_PATHS = (
					"$(inherited)",
					"@executable_path/Frameworks",
				);
				PRODUCT_BUNDLE_IDENTIFIER = com.datadogqh.SPMProject;
				PRODUCT_NAME = App;
				PROVISIONING_PROFILE_SPECIFIER = "";
				"PROVISIONING_PROFILE_SPECIFIER[sdk=macosx*]" = "";
				SUPPORTS_MACCATALYST = YES;
				SWIFT_VERSION = 5.0;
				TARGETED_DEVICE_FAMILY = "1,2";
			};
			name = Release;
		};
		61C3640424374D6100C4D4E6 /* Debug */ = {
			isa = XCBuildConfiguration;
			buildSettings = {
				ALWAYS_EMBED_SWIFT_STANDARD_LIBRARIES = YES;
				BUNDLE_LOADER = "$(TEST_HOST)";
				CODE_SIGN_IDENTITY = "Apple Development";
				"CODE_SIGN_IDENTITY[sdk=macosx*]" = "-";
				CODE_SIGN_STYLE = Manual;
				DEVELOPMENT_TEAM = "";
				INFOPLIST_FILE = AppTests/Info.plist;
				LD_RUNPATH_SEARCH_PATHS = (
					"$(inherited)",
					"@executable_path/Frameworks",
					"@loader_path/Frameworks",
				);
				PRODUCT_BUNDLE_IDENTIFIER = com.datadogqh.SPMProjectTests;
				PRODUCT_NAME = "$(TARGET_NAME)";
				PROVISIONING_PROFILE_SPECIFIER = "";
				"PROVISIONING_PROFILE_SPECIFIER[sdk=macosx*]" = "";
				SWIFT_VERSION = 5.0;
				TARGETED_DEVICE_FAMILY = "1,2";
				TEST_HOST = "$(BUILT_PRODUCTS_DIR)/App.app/App";
			};
			name = Debug;
		};
		61C3640524374D6100C4D4E6 /* Release */ = {
			isa = XCBuildConfiguration;
			buildSettings = {
				ALWAYS_EMBED_SWIFT_STANDARD_LIBRARIES = YES;
				BUNDLE_LOADER = "$(TEST_HOST)";
				CODE_SIGN_IDENTITY = "Apple Development";
				"CODE_SIGN_IDENTITY[sdk=macosx*]" = "-";
				CODE_SIGN_STYLE = Manual;
				DEVELOPMENT_TEAM = "";
				INFOPLIST_FILE = AppTests/Info.plist;
				LD_RUNPATH_SEARCH_PATHS = (
					"$(inherited)",
					"@executable_path/Frameworks",
					"@loader_path/Frameworks",
				);
				PRODUCT_BUNDLE_IDENTIFIER = com.datadogqh.SPMProjectTests;
				PRODUCT_NAME = "$(TARGET_NAME)";
				PROVISIONING_PROFILE_SPECIFIER = "";
				"PROVISIONING_PROFILE_SPECIFIER[sdk=macosx*]" = "";
				SWIFT_VERSION = 5.0;
				TARGETED_DEVICE_FAMILY = "1,2";
				TEST_HOST = "$(BUILT_PRODUCTS_DIR)/App.app/App";
			};
			name = Release;
		};
		61C3640724374D6100C4D4E6 /* Debug */ = {
			isa = XCBuildConfiguration;
			buildSettings = {
				ALWAYS_EMBED_SWIFT_STANDARD_LIBRARIES = YES;
				"CODE_SIGN_IDENTITY[sdk=macosx*]" = "-";
				CODE_SIGN_STYLE = Manual;
				DEVELOPMENT_TEAM = "";
				INFOPLIST_FILE = AppUITests/Info.plist;
				LD_RUNPATH_SEARCH_PATHS = (
					"$(inherited)",
					"@executable_path/Frameworks",
					"@loader_path/Frameworks",
				);
				PRODUCT_BUNDLE_IDENTIFIER = com.datadogqh.SPMProjectUITests;
				PRODUCT_NAME = "$(TARGET_NAME)";
				PROVISIONING_PROFILE_SPECIFIER = "";
				"PROVISIONING_PROFILE_SPECIFIER[sdk=macosx*]" = "";
				SWIFT_VERSION = 5.0;
				TARGETED_DEVICE_FAMILY = "1,2";
				TEST_TARGET_NAME = SPMProject;
			};
			name = Debug;
		};
		61C3640824374D6100C4D4E6 /* Release */ = {
			isa = XCBuildConfiguration;
			buildSettings = {
				ALWAYS_EMBED_SWIFT_STANDARD_LIBRARIES = YES;
				"CODE_SIGN_IDENTITY[sdk=macosx*]" = "-";
				CODE_SIGN_STYLE = Manual;
				DEVELOPMENT_TEAM = "";
				INFOPLIST_FILE = AppUITests/Info.plist;
				LD_RUNPATH_SEARCH_PATHS = (
					"$(inherited)",
					"@executable_path/Frameworks",
					"@loader_path/Frameworks",
				);
				PRODUCT_BUNDLE_IDENTIFIER = com.datadogqh.SPMProjectUITests;
				PRODUCT_NAME = "$(TARGET_NAME)";
				PROVISIONING_PROFILE_SPECIFIER = "";
				"PROVISIONING_PROFILE_SPECIFIER[sdk=macosx*]" = "";
				SWIFT_VERSION = 5.0;
				TARGETED_DEVICE_FAMILY = "1,2";
				TEST_TARGET_NAME = SPMProject;
			};
			name = Release;
		};
		A71398A82BD1277A0050A54E /* Debug */ = {
			isa = XCBuildConfiguration;
			buildSettings = {
				ASSETCATALOG_COMPILER_APPICON_NAME = AppIcon;
				ASSETCATALOG_COMPILER_GENERATE_SWIFT_ASSET_SYMBOL_EXTENSIONS = YES;
				ASSETCATALOG_COMPILER_GLOBAL_ACCENT_COLOR_NAME = AccentColor;
				CLANG_CXX_LANGUAGE_STANDARD = "gnu++20";
				CODE_SIGN_ENTITLEMENTS = "App macOS/App_macOS.entitlements";
				"CODE_SIGN_IDENTITY[sdk=macosx*]" = "-";
				CODE_SIGN_STYLE = Manual;
				COMBINE_HIDPI_IMAGES = YES;
				CURRENT_PROJECT_VERSION = 1;
				DEVELOPMENT_ASSET_PATHS = "";
				DEVELOPMENT_TEAM = "";
				ENABLE_HARDENED_RUNTIME = YES;
				ENABLE_PREVIEWS = YES;
				ENABLE_USER_SCRIPT_SANDBOXING = YES;
				GCC_C_LANGUAGE_STANDARD = gnu17;
				GENERATE_INFOPLIST_FILE = YES;
				INFOPLIST_KEY_NSHumanReadableCopyright = "Copyright © 2024 Datadog. All rights reserved.";
				LD_RUNPATH_SEARCH_PATHS = (
					"$(inherited)",
					"@executable_path/../Frameworks",
				);
				LOCALIZATION_PREFERS_STRING_CATALOGS = YES;
				MACOSX_DEPLOYMENT_TARGET = 11;
				MARKETING_VERSION = 1.0;
				PRODUCT_BUNDLE_IDENTIFIER = "com.datadoghq.App-macOS";
				PRODUCT_NAME = "$(TARGET_NAME)";
				PROVISIONING_PROFILE_SPECIFIER = "";
				SDKROOT = macosx;
				SWIFT_ACTIVE_COMPILATION_CONDITIONS = "DEBUG $(inherited)";
				SWIFT_EMIT_LOC_STRINGS = YES;
				SWIFT_VERSION = 5.0;
			};
			name = Debug;
		};
		A71398A92BD1277A0050A54E /* Release */ = {
			isa = XCBuildConfiguration;
			buildSettings = {
				ASSETCATALOG_COMPILER_APPICON_NAME = AppIcon;
				ASSETCATALOG_COMPILER_GENERATE_SWIFT_ASSET_SYMBOL_EXTENSIONS = YES;
				ASSETCATALOG_COMPILER_GLOBAL_ACCENT_COLOR_NAME = AccentColor;
				CLANG_CXX_LANGUAGE_STANDARD = "gnu++20";
				CODE_SIGN_ENTITLEMENTS = "App macOS/App_macOS.entitlements";
				"CODE_SIGN_IDENTITY[sdk=macosx*]" = "-";
				CODE_SIGN_STYLE = Manual;
				COMBINE_HIDPI_IMAGES = YES;
				CURRENT_PROJECT_VERSION = 1;
				DEVELOPMENT_ASSET_PATHS = "";
				DEVELOPMENT_TEAM = "";
				ENABLE_HARDENED_RUNTIME = YES;
				ENABLE_PREVIEWS = YES;
				ENABLE_USER_SCRIPT_SANDBOXING = YES;
				GCC_C_LANGUAGE_STANDARD = gnu17;
				GENERATE_INFOPLIST_FILE = YES;
				INFOPLIST_KEY_NSHumanReadableCopyright = "Copyright © 2024 Datadog. All rights reserved.";
				LD_RUNPATH_SEARCH_PATHS = (
					"$(inherited)",
					"@executable_path/../Frameworks",
				);
				LOCALIZATION_PREFERS_STRING_CATALOGS = YES;
				MACOSX_DEPLOYMENT_TARGET = 11;
				MARKETING_VERSION = 1.0;
				PRODUCT_BUNDLE_IDENTIFIER = "com.datadoghq.App-macOS";
				PRODUCT_NAME = "$(TARGET_NAME)";
				PROVISIONING_PROFILE_SPECIFIER = "";
				SDKROOT = macosx;
				SWIFT_EMIT_LOC_STRINGS = YES;
				SWIFT_VERSION = 5.0;
			};
			name = Release;
		};
		A71398AC2BD1277A0050A54E /* Debug */ = {
			isa = XCBuildConfiguration;
			buildSettings = {
				ALWAYS_EMBED_SWIFT_STANDARD_LIBRARIES = YES;
				ASSETCATALOG_COMPILER_GENERATE_SWIFT_ASSET_SYMBOL_EXTENSIONS = YES;
				CLANG_CXX_LANGUAGE_STANDARD = "gnu++20";
				CODE_SIGN_STYLE = Manual;
				CURRENT_PROJECT_VERSION = 1;
				DEVELOPMENT_TEAM = "";
				ENABLE_USER_SCRIPT_SANDBOXING = YES;
				GCC_C_LANGUAGE_STANDARD = gnu17;
				GENERATE_INFOPLIST_FILE = YES;
				LOCALIZATION_PREFERS_STRING_CATALOGS = YES;
				MACOSX_DEPLOYMENT_TARGET = 11;
				MARKETING_VERSION = 1.0;
				PRODUCT_BUNDLE_IDENTIFIER = "com.datadoghq.App-macOSUITests";
				PRODUCT_NAME = "$(TARGET_NAME)";
				PROVISIONING_PROFILE_SPECIFIER = "";
				SDKROOT = macosx;
				SWIFT_ACTIVE_COMPILATION_CONDITIONS = "DEBUG $(inherited)";
				SWIFT_EMIT_LOC_STRINGS = NO;
				SWIFT_VERSION = 5.0;
				TEST_TARGET_NAME = "App macOS";
			};
			name = Debug;
		};
		A71398AD2BD1277A0050A54E /* Release */ = {
			isa = XCBuildConfiguration;
			buildSettings = {
				ALWAYS_EMBED_SWIFT_STANDARD_LIBRARIES = YES;
				ASSETCATALOG_COMPILER_GENERATE_SWIFT_ASSET_SYMBOL_EXTENSIONS = YES;
				CLANG_CXX_LANGUAGE_STANDARD = "gnu++20";
				CODE_SIGN_STYLE = Manual;
				CURRENT_PROJECT_VERSION = 1;
				DEVELOPMENT_TEAM = "";
				ENABLE_USER_SCRIPT_SANDBOXING = YES;
				GCC_C_LANGUAGE_STANDARD = gnu17;
				GENERATE_INFOPLIST_FILE = YES;
				LOCALIZATION_PREFERS_STRING_CATALOGS = YES;
				MACOSX_DEPLOYMENT_TARGET = 11;
				MARKETING_VERSION = 1.0;
				PRODUCT_BUNDLE_IDENTIFIER = "com.datadoghq.App-macOSUITests";
				PRODUCT_NAME = "$(TARGET_NAME)";
				PROVISIONING_PROFILE_SPECIFIER = "";
				SDKROOT = macosx;
				SWIFT_EMIT_LOC_STRINGS = NO;
				SWIFT_VERSION = 5.0;
				TEST_TARGET_NAME = "App macOS";
			};
			name = Release;
		};
		D23BF5FC27CCCC3300BB4CCD /* Debug */ = {
			isa = XCBuildConfiguration;
			buildSettings = {
				ASSETCATALOG_COMPILER_APPICON_NAME = AppIcon;
				"CODE_SIGN_IDENTITY[sdk=macosx*]" = "-";
				CODE_SIGN_STYLE = Manual;
				DEVELOPMENT_TEAM = "";
				INFOPLIST_FILE = App/Info.plist;
				LD_RUNPATH_SEARCH_PATHS = (
					"$(inherited)",
					"@executable_path/Frameworks",
				);
				PRODUCT_BUNDLE_IDENTIFIER = com.datadogqh.SPMProject;
				PRODUCT_NAME = App;
				PROVISIONING_PROFILE_SPECIFIER = "";
				"PROVISIONING_PROFILE_SPECIFIER[sdk=macosx*]" = "";
				SDKROOT = appletvos;
				SWIFT_VERSION = 5.0;
			};
			name = Debug;
		};
		D23BF5FD27CCCC3300BB4CCD /* Release */ = {
			isa = XCBuildConfiguration;
			buildSettings = {
				ASSETCATALOG_COMPILER_APPICON_NAME = AppIcon;
				"CODE_SIGN_IDENTITY[sdk=macosx*]" = "-";
				CODE_SIGN_STYLE = Manual;
				DEVELOPMENT_TEAM = "";
				INFOPLIST_FILE = App/Info.plist;
				LD_RUNPATH_SEARCH_PATHS = (
					"$(inherited)",
					"@executable_path/Frameworks",
				);
				PRODUCT_BUNDLE_IDENTIFIER = com.datadogqh.SPMProject;
				PRODUCT_NAME = App;
				PROVISIONING_PROFILE_SPECIFIER = "";
				"PROVISIONING_PROFILE_SPECIFIER[sdk=macosx*]" = "";
				SDKROOT = appletvos;
				SWIFT_VERSION = 5.0;
			};
			name = Release;
		};
		D23BF60827CCCCF800BB4CCD /* Debug */ = {
			isa = XCBuildConfiguration;
			buildSettings = {
				ALWAYS_EMBED_SWIFT_STANDARD_LIBRARIES = YES;
				"CODE_SIGN_IDENTITY[sdk=macosx*]" = "-";
				CODE_SIGN_STYLE = Manual;
				DEVELOPMENT_TEAM = "";
				INFOPLIST_FILE = AppUITests/Info.plist;
				LD_RUNPATH_SEARCH_PATHS = (
					"$(inherited)",
					"@executable_path/Frameworks",
					"@loader_path/Frameworks",
				);
				PRODUCT_BUNDLE_IDENTIFIER = com.datadogqh.SPMProjectUITests;
				PRODUCT_NAME = "$(TARGET_NAME)";
				PROVISIONING_PROFILE_SPECIFIER = "";
				"PROVISIONING_PROFILE_SPECIFIER[sdk=macosx*]" = "";
				SDKROOT = appletvos;
				SWIFT_VERSION = 5.0;
				TEST_TARGET_NAME = "App tvOS";
			};
			name = Debug;
		};
		D23BF60927CCCCF800BB4CCD /* Release */ = {
			isa = XCBuildConfiguration;
			buildSettings = {
				ALWAYS_EMBED_SWIFT_STANDARD_LIBRARIES = YES;
				"CODE_SIGN_IDENTITY[sdk=macosx*]" = "-";
				CODE_SIGN_STYLE = Manual;
				DEVELOPMENT_TEAM = "";
				INFOPLIST_FILE = AppUITests/Info.plist;
				LD_RUNPATH_SEARCH_PATHS = (
					"$(inherited)",
					"@executable_path/Frameworks",
					"@loader_path/Frameworks",
				);
				PRODUCT_BUNDLE_IDENTIFIER = com.datadogqh.SPMProjectUITests;
				PRODUCT_NAME = "$(TARGET_NAME)";
				PROVISIONING_PROFILE_SPECIFIER = "";
				"PROVISIONING_PROFILE_SPECIFIER[sdk=macosx*]" = "";
				SDKROOT = appletvos;
				SWIFT_VERSION = 5.0;
				TEST_TARGET_NAME = "App tvOS";
			};
			name = Release;
		};
		D23BF61427CCCD5700BB4CCD /* Debug */ = {
			isa = XCBuildConfiguration;
			buildSettings = {
				ALWAYS_EMBED_SWIFT_STANDARD_LIBRARIES = YES;
				BUNDLE_LOADER = "$(TEST_HOST)";
				CODE_SIGN_IDENTITY = "Apple Development";
				"CODE_SIGN_IDENTITY[sdk=macosx*]" = "-";
				CODE_SIGN_STYLE = Manual;
				DEVELOPMENT_TEAM = "";
				INFOPLIST_FILE = AppTests/Info.plist;
				LD_RUNPATH_SEARCH_PATHS = (
					"$(inherited)",
					"@executable_path/Frameworks",
					"@loader_path/Frameworks",
				);
				PRODUCT_BUNDLE_IDENTIFIER = com.datadogqh.SPMProjectTests;
				PRODUCT_NAME = "$(TARGET_NAME)";
				PROVISIONING_PROFILE_SPECIFIER = "";
				"PROVISIONING_PROFILE_SPECIFIER[sdk=macosx*]" = "";
				SDKROOT = appletvos;
				SWIFT_VERSION = 5.0;
				TEST_HOST = "$(BUILT_PRODUCTS_DIR)/App.app/App";
			};
			name = Debug;
		};
		D23BF61527CCCD5700BB4CCD /* Release */ = {
			isa = XCBuildConfiguration;
			buildSettings = {
				ALWAYS_EMBED_SWIFT_STANDARD_LIBRARIES = YES;
				BUNDLE_LOADER = "$(TEST_HOST)";
				CODE_SIGN_IDENTITY = "Apple Development";
				"CODE_SIGN_IDENTITY[sdk=macosx*]" = "-";
				CODE_SIGN_STYLE = Manual;
				DEVELOPMENT_TEAM = "";
				INFOPLIST_FILE = AppTests/Info.plist;
				LD_RUNPATH_SEARCH_PATHS = (
					"$(inherited)",
					"@executable_path/Frameworks",
					"@loader_path/Frameworks",
				);
				PRODUCT_BUNDLE_IDENTIFIER = com.datadogqh.SPMProjectTests;
				PRODUCT_NAME = "$(TARGET_NAME)";
				PROVISIONING_PROFILE_SPECIFIER = "";
				"PROVISIONING_PROFILE_SPECIFIER[sdk=macosx*]" = "";
				SDKROOT = appletvos;
				SWIFT_VERSION = 5.0;
				TEST_HOST = "$(BUILT_PRODUCTS_DIR)/App.app/App";
			};
			name = Release;
		};
/* End XCBuildConfiguration section */

/* Begin XCConfigurationList section */
		61C363D124374D5F00C4D4E6 /* Build configuration list for PBXProject "SPMProject" */ = {
			isa = XCConfigurationList;
			buildConfigurations = (
				61C363FE24374D6100C4D4E6 /* Debug */,
				61C363FF24374D6100C4D4E6 /* Release */,
			);
			defaultConfigurationIsVisible = 0;
			defaultConfigurationName = Release;
		};
		61C3640024374D6100C4D4E6 /* Build configuration list for PBXNativeTarget "App iOS" */ = {
			isa = XCConfigurationList;
			buildConfigurations = (
				61C3640124374D6100C4D4E6 /* Debug */,
				61C3640224374D6100C4D4E6 /* Release */,
			);
			defaultConfigurationIsVisible = 0;
			defaultConfigurationName = Release;
		};
		61C3640324374D6100C4D4E6 /* Build configuration list for PBXNativeTarget "App iOS Tests" */ = {
			isa = XCConfigurationList;
			buildConfigurations = (
				61C3640424374D6100C4D4E6 /* Debug */,
				61C3640524374D6100C4D4E6 /* Release */,
			);
			defaultConfigurationIsVisible = 0;
			defaultConfigurationName = Release;
		};
		61C3640624374D6100C4D4E6 /* Build configuration list for PBXNativeTarget "App iOS UITests" */ = {
			isa = XCConfigurationList;
			buildConfigurations = (
				61C3640724374D6100C4D4E6 /* Debug */,
				61C3640824374D6100C4D4E6 /* Release */,
			);
			defaultConfigurationIsVisible = 0;
			defaultConfigurationName = Release;
		};
		A71398AE2BD1277A0050A54E /* Build configuration list for PBXNativeTarget "App macOS" */ = {
			isa = XCConfigurationList;
			buildConfigurations = (
				A71398A82BD1277A0050A54E /* Debug */,
				A71398A92BD1277A0050A54E /* Release */,
			);
			defaultConfigurationIsVisible = 0;
			defaultConfigurationName = Release;
		};
		A71398B02BD1277A0050A54E /* Build configuration list for PBXNativeTarget "App macOSUITests" */ = {
			isa = XCConfigurationList;
			buildConfigurations = (
				A71398AC2BD1277A0050A54E /* Debug */,
				A71398AD2BD1277A0050A54E /* Release */,
			);
			defaultConfigurationIsVisible = 0;
			defaultConfigurationName = Release;
		};
		D23BF5FB27CCCC3300BB4CCD /* Build configuration list for PBXNativeTarget "App tvOS" */ = {
			isa = XCConfigurationList;
			buildConfigurations = (
				D23BF5FC27CCCC3300BB4CCD /* Debug */,
				D23BF5FD27CCCC3300BB4CCD /* Release */,
			);
			defaultConfigurationIsVisible = 0;
			defaultConfigurationName = Release;
		};
		D23BF60727CCCCF800BB4CCD /* Build configuration list for PBXNativeTarget "App tvOS UITests" */ = {
			isa = XCConfigurationList;
			buildConfigurations = (
				D23BF60827CCCCF800BB4CCD /* Debug */,
				D23BF60927CCCCF800BB4CCD /* Release */,
			);
			defaultConfigurationIsVisible = 0;
			defaultConfigurationName = Release;
		};
		D23BF61327CCCD5700BB4CCD /* Build configuration list for PBXNativeTarget "App tvOS Tests" */ = {
			isa = XCConfigurationList;
			buildConfigurations = (
				D23BF61427CCCD5700BB4CCD /* Debug */,
				D23BF61527CCCD5700BB4CCD /* Release */,
			);
			defaultConfigurationIsVisible = 0;
			defaultConfigurationName = Release;
		};
/* End XCConfigurationList section */

/* Begin XCRemoteSwiftPackageReference section */
		9E73373E26B0123500917C24 /* XCRemoteSwiftPackageReference "dd-sdk-ios" */ = {
			isa = XCRemoteSwiftPackageReference;
			repositoryURL = "https://github.com/DataDog/dd-sdk-ios";
			requirement = {
				branch = "GIT_REFERENCE";
				kind = branch;
			};
		};
		D23BF5F127CCCC3300BB4CCD /* XCRemoteSwiftPackageReference "dd-sdk-ios" */ = {
			isa = XCRemoteSwiftPackageReference;
			repositoryURL = "https://github.com/DataDog/dd-sdk-ios";
			requirement = {
				branch = "GIT_REFERENCE";
				kind = branch;
			};
		};
/* End XCRemoteSwiftPackageReference section */

/* Begin XCSwiftPackageProductDependency section */
		3CB7A04B29F6ABDA007A27ED /* DatadogWebViewTracking */ = {
			isa = XCSwiftPackageProductDependency;
			package = 9E73373E26B0123500917C24 /* XCRemoteSwiftPackageReference "dd-sdk-ios" */;
			productName = DatadogWebViewTracking;
		};
		9E73373F26B0123500917C24 /* DatadogCrashReporting */ = {
			isa = XCSwiftPackageProductDependency;
			package = 9E73373E26B0123500917C24 /* XCRemoteSwiftPackageReference "dd-sdk-ios" */;
			productName = DatadogCrashReporting;
		};
		A71398B52BD12BC60050A54E /* DatadogCore */ = {
			isa = XCSwiftPackageProductDependency;
			package = 9E73373E26B0123500917C24 /* XCRemoteSwiftPackageReference "dd-sdk-ios" */;
			productName = DatadogCore;
		};
		A71398B72BD12BC60050A54E /* DatadogCrashReporting */ = {
			isa = XCSwiftPackageProductDependency;
			package = 9E73373E26B0123500917C24 /* XCRemoteSwiftPackageReference "dd-sdk-ios" */;
			productName = DatadogCrashReporting;
		};
		A71398B92BD12BC60050A54E /* DatadogLogs */ = {
			isa = XCSwiftPackageProductDependency;
			package = 9E73373E26B0123500917C24 /* XCRemoteSwiftPackageReference "dd-sdk-ios" */;
			productName = DatadogLogs;
		};
		A71398BB2BD12BC60050A54E /* DatadogTrace */ = {
			isa = XCSwiftPackageProductDependency;
			package = 9E73373E26B0123500917C24 /* XCRemoteSwiftPackageReference "dd-sdk-ios" */;
			productName = DatadogTrace;
		};
		A71398BD2BD12BC60050A54E /* DatadogWebViewTracking */ = {
			isa = XCSwiftPackageProductDependency;
			package = 9E73373E26B0123500917C24 /* XCRemoteSwiftPackageReference "dd-sdk-ios" */;
			productName = DatadogWebViewTracking;
		};
		D2344E1E29ACDE61007F5BD2 /* DatadogLogs */ = {
			isa = XCSwiftPackageProductDependency;
			package = 9E73373E26B0123500917C24 /* XCRemoteSwiftPackageReference "dd-sdk-ios" */;
			productName = DatadogLogs;
		};
		D2344E2029ACDE68007F5BD2 /* DatadogLogs */ = {
			isa = XCSwiftPackageProductDependency;
			package = 9E73373E26B0123500917C24 /* XCRemoteSwiftPackageReference "dd-sdk-ios" */;
			productName = DatadogLogs;
		};
		D23BF5F027CCCC3300BB4CCD /* DatadogCrashReporting */ = {
			isa = XCSwiftPackageProductDependency;
			package = D23BF5F127CCCC3300BB4CCD /* XCRemoteSwiftPackageReference "dd-sdk-ios" */;
			productName = DatadogCrashReporting;
		};
		D266C6862B766095008866F9 /* DatadogObjc */ = {
			isa = XCSwiftPackageProductDependency;
			package = 9E73373E26B0123500917C24 /* XCRemoteSwiftPackageReference "dd-sdk-ios" */;
			productName = DatadogObjc;
		};
		D266C6882B766095008866F9 /* DatadogSessionReplay */ = {
			isa = XCSwiftPackageProductDependency;
			package = 9E73373E26B0123500917C24 /* XCRemoteSwiftPackageReference "dd-sdk-ios" */;
			productName = DatadogSessionReplay;
		};
		D266C68A2B76609F008866F9 /* DatadogObjc */ = {
			isa = XCSwiftPackageProductDependency;
			package = 9E73373E26B0123500917C24 /* XCRemoteSwiftPackageReference "dd-sdk-ios" */;
			productName = DatadogObjc;
		};
		D26A32D62A4C892A00903514 /* DatadogCore */ = {
			isa = XCSwiftPackageProductDependency;
			package = 9E73373E26B0123500917C24 /* XCRemoteSwiftPackageReference "dd-sdk-ios" */;
			productName = DatadogCore;
		};
		D26A32D82A4C893300903514 /* DatadogCore */ = {
			isa = XCSwiftPackageProductDependency;
			package = 9E73373E26B0123500917C24 /* XCRemoteSwiftPackageReference "dd-sdk-ios" */;
			productName = DatadogCore;
		};
		D2966C2D29CA1F2D00FC6B3C /* DatadogTrace */ = {
			isa = XCSwiftPackageProductDependency;
			package = 9E73373E26B0123500917C24 /* XCRemoteSwiftPackageReference "dd-sdk-ios" */;
			productName = DatadogTrace;
		};
		D2966C2F29CA1F3300FC6B3C /* DatadogTrace */ = {
			isa = XCSwiftPackageProductDependency;
			package = 9E73373E26B0123500917C24 /* XCRemoteSwiftPackageReference "dd-sdk-ios" */;
			productName = DatadogTrace;
		};
		D2CE76B929F6B9E300D79713 /* DatadogRUM */ = {
			isa = XCSwiftPackageProductDependency;
			package = 9E73373E26B0123500917C24 /* XCRemoteSwiftPackageReference "dd-sdk-ios" */;
			productName = DatadogRUM;
		};
		D2CE76BB29F6B9EE00D79713 /* DatadogRUM */ = {
			isa = XCSwiftPackageProductDependency;
			package = 9E73373E26B0123500917C24 /* XCRemoteSwiftPackageReference "dd-sdk-ios" */;
			productName = DatadogRUM;
		};
/* End XCSwiftPackageProductDependency section */
	};
	rootObject = 61C363CE24374D5F00C4D4E6 /* Project object */;
}
